
Microsoft Visual Studio Solution File, Format Version 12.00
# Visual Studio Version 16
VisualStudioVersion = 16.0.31424.327
MinimumVisualStudioVersion = 10.0.40219.1
Project("{FAE04EC0-301F-11D3-BF4B-00C04F79EFBC}") = "IntegerOperations", "IntegerOperations\IntegerOperations.csproj", "{F8CFEB0E-AAE2-40C1-AD01-97E0CF37BCC5}"
EndProject
Project("{FAE04EC0-301F-11D3-BF4B-00C04F79EFBC}") = "SumDigits", "SumDigits\SumDigits.csproj", "{474417BD-C2DE-4584-BB1B-735DF729B42F}"
EndProject
Project("{FAE04EC0-301F-11D3-BF4B-00C04F79EFBC}") = "Elevator", "Elevator\Elevator.csproj", "{865CEA40-9227-4711-AC85-AC4369B3F935}"
EndProject
Project("{FAE04EC0-301F-11D3-BF4B-00C04F79EFBC}") = "SumOfChars", "SumOfChars\SumOfChars.csproj", "{940C8D6D-087A-4994-8F60-6AD440C0149B}"
EndProject
Project("{FAE04EC0-301F-11D3-BF4B-00C04F79EFBC}") = "PrintPartOfASCIITable", "PrintPartOfASCIITable\PrintPartOfASCIITable.csproj", "{26836853-06FD-4616-A482-195537173C3B}"
EndProject
Project("{FAE04EC0-301F-11D3-BF4B-00C04F79EFBC}") = "TriplesOfLatinLetters", "TriplesOfLatinLetters\TriplesOfLatinLetters.csproj", "{9AC9F00A-133A-4AD2-9A2C-F81961C083C0}"
EndProject
Project("{FAE04EC0-301F-11D3-BF4B-00C04F79EFBC}") = "WaterOverflow", "WaterOverflow\WaterOverflow.csproj", "{94C30CD1-9026-46A9-B579-459AC38D0345}"
EndProject
Project("{FAE04EC0-301F-11D3-BF4B-00C04F79EFBC}") = "BeerKegs", "BeerKegs\BeerKegs.csproj", "{C0EA1695-B152-4D3D-8F58-6B082FA36B16}"
EndProject
Project("{FAE04EC0-301F-11D3-BF4B-00C04F79EFBC}") = "SpiceMustFlow", "SpiceMustFlow\SpiceMustFlow.csproj", "{5C6BADC3-9459-4DB2-BD56-BA6D3F94F06A}"
EndProject
Project("{FAE04EC0-301F-11D3-BF4B-00C04F79EFBC}") = "PokeMon", "PokeMon\PokeMon.csproj", "{057105FA-56AB-4B0F-A057-C1097B2EE4F7}"
EndProject
Project("{FAE04EC0-301F-11D3-BF4B-00C04F79EFBC}") = "Snowballs", "Snowballs\Snowballs.csproj", "{D53A6022-4EF4-42AC-A3E7-836B187E71F9}"
EndProject
Global
	GlobalSection(SolutionConfigurationPlatforms) = preSolution
		Debug|Any CPU = Debug|Any CPU
		Release|Any CPU = Release|Any CPU
	EndGlobalSection
	GlobalSection(ProjectConfigurationPlatforms) = postSolution
		{F8CFEB0E-AAE2-40C1-AD01-97E0CF37BCC5}.Debug|Any CPU.ActiveCfg = Debug|Any CPU
		{F8CFEB0E-AAE2-40C1-AD01-97E0CF37BCC5}.Debug|Any CPU.Build.0 = Debug|Any CPU
		{F8CFEB0E-AAE2-40C1-AD01-97E0CF37BCC5}.Release|Any CPU.ActiveCfg = Release|Any CPU
		{F8CFEB0E-AAE2-40C1-AD01-97E0CF37BCC5}.Release|Any CPU.Build.0 = Release|Any CPU
		{474417BD-C2DE-4584-BB1B-735DF729B42F}.Debug|Any CPU.ActiveCfg = Debug|Any CPU
		{474417BD-C2DE-4584-BB1B-735DF729B42F}.Debug|Any CPU.Build.0 = Debug|Any CPU
		{474417BD-C2DE-4584-BB1B-735DF729B42F}.Release|Any CPU.ActiveCfg = Release|Any CPU
		{474417BD-C2DE-4584-BB1B-735DF729B42F}.Release|Any CPU.Build.0 = Release|Any CPU
		{865CEA40-9227-4711-AC85-AC4369B3F935}.Debug|Any CPU.ActiveCfg = Debug|Any CPU
		{865CEA40-9227-4711-AC85-AC4369B3F935}.Debug|Any CPU.Build.0 = Debug|Any CPU
		{865CEA40-9227-4711-AC85-AC4369B3F935}.Release|Any CPU.ActiveCfg = Release|Any CPU
		{865CEA40-9227-4711-AC85-AC4369B3F935}.Release|Any CPU.Build.0 = Release|Any CPU
		{940C8D6D-087A-4994-8F60-6AD440C0149B}.Debug|Any CPU.ActiveCfg = Debug|Any CPU
		{940C8D6D-087A-4994-8F60-6AD440C0149B}.Debug|Any CPU.Build.0 = Debug|Any CPU
		{940C8D6D-087A-4994-8F60-6AD440C0149B}.Release|Any CPU.ActiveCfg = Release|Any CPU
		{940C8D6D-087A-4994-8F60-6AD440C0149B}.Release|Any CPU.Build.0 = Release|Any CPU
		{26836853-06FD-4616-A482-195537173C3B}.Debug|Any CPU.ActiveCfg = Debug|Any CPU
		{26836853-06FD-4616-A482-195537173C3B}.Debug|Any CPU.Build.0 = Debug|Any CPU
		{26836853-06FD-4616-A482-195537173C3B}.Release|Any CPU.ActiveCfg = Release|Any CPU
		{26836853-06FD-4616-A482-195537173C3B}.Release|Any CPU.Build.0 = Release|Any CPU
		{9AC9F00A-133A-4AD2-9A2C-F81961C083C0}.Debug|Any CPU.ActiveCfg = Debug|Any CPU
		{9AC9F00A-133A-4AD2-9A2C-F81961C083C0}.Debug|Any CPU.Build.0 = Debug|Any CPU
		{9AC9F00A-133A-4AD2-9A2C-F81961C083C0}.Release|Any CPU.ActiveCfg = Release|Any CPU
		{9AC9F00A-133A-4AD2-9A2C-F81961C083C0}.Release|Any CPU.Build.0 = Release|Any CPU
		{94C30CD1-9026-46A9-B579-459AC38D0345}.Debug|Any CPU.ActiveCfg = Debug|Any CPU
		{94C30CD1-9026-46A9-B579-459AC38D0345}.Debug|Any CPU.Build.0 = Debug|Any CPU
		{94C30CD1-9026-46A9-B579-459AC38D0345}.Release|Any CPU.ActiveCfg = Release|Any CPU
		{94C30CD1-9026-46A9-B579-459AC38D0345}.Release|Any CPU.Build.0 = Release|Any CPU
		{C0EA1695-B152-4D3D-8F58-6B082FA36B16}.Debug|Any CPU.ActiveCfg = Debug|Any CPU
		{C0EA1695-B152-4D3D-8F58-6B082FA36B16}.Debug|Any CPU.Build.0 = Debug|Any CPU
		{C0EA1695-B152-4D3D-8F58-6B082FA36B16}.Release|Any CPU.ActiveCfg = Release|Any CPU
		{C0EA1695-B152-4D3D-8F58-6B082FA36B16}.Release|Any CPU.Build.0 = Release|Any CPU
		{5C6BADC3-9459-4DB2-BD56-BA6D3F94F06A}.Debug|Any CPU.ActiveCfg = Debug|Any CPU
		{5C6BADC3-9459-4DB2-BD56-BA6D3F94F06A}.Debug|Any CPU.Build.0 = Debug|Any CPU
		{5C6BADC3-9459-4DB2-BD56-BA6D3F94F06A}.Release|Any CPU.ActiveCfg = Release|Any CPU
		{5C6BADC3-9459-4DB2-BD56-BA6D3F94F06A}.Release|Any CPU.Build.0 = Release|Any CPU
		{057105FA-56AB-4B0F-A057-C1097B2EE4F7}.Debug|Any CPU.ActiveCfg = Debug|Any CPU
		{057105FA-56AB-4B0F-A057-C1097B2EE4F7}.Debug|Any CPU.Build.0 = Debug|Any CPU
		{057105FA-56AB-4B0F-A057-C1097B2EE4F7}.Release|Any CPU.ActiveCfg = Release|Any CPU
		{057105FA-56AB-4B0F-A057-C1097B2EE4F7}.Release|Any CPU.Build.0 = Release|Any CPU
		{D53A6022-4EF4-42AC-A3E7-836B187E71F9}.Debug|Any CPU.ActiveCfg = Debug|Any CPU
		{D53A6022-4EF4-42AC-A3E7-836B187E71F9}.Debug|Any CPU.Build.0 = Debug|Any CPU
		{D53A6022-4EF4-42AC-A3E7-836B187E71F9}.Release|Any CPU.ActiveCfg = Release|Any CPU
		{D53A6022-4EF4-42AC-A3E7-836B187E71F9}.Release|Any CPU.Build.0 = Release|Any CPU
	EndGlobalSection
	GlobalSection(SolutionProperties) = preSolution
		HideSolutionNode = FALSE
	EndGlobalSection
	GlobalSection(ExtensibilityGlobals) = postSolution
		SolutionGuid = {D00D6FCA-17D4-46CA-A3BA-9BAD564FFB04}
	EndGlobalSection
EndGlobal
