
Microsoft Visual Studio Solution File, Format Version 12.00
# Visual Studio Version 16
VisualStudioVersion = 16.0.31424.327
MinimumVisualStudioVersion = 10.0.40219.1
Project("{FAE04EC0-301F-11D3-BF4B-00C04F79EFBC}") = "BonusScoreSystem", "BonusScoreSystem\BonusScoreSystem.csproj", "{F284EF08-4CD8-48FF-9D31-8F6F616157CC}"
EndProject
Project("{FAE04EC0-301F-11D3-BF4B-00C04F79EFBC}") = "MUOnline", "MUOnline\MUOnline.csproj", "{6F23DE75-7CF1-4497-A4D8-B9E64F07494A}"
EndProject
Project("{FAE04EC0-301F-11D3-BF4B-00C04F79EFBC}") = "Inventory", "Inventory\Inventory.csproj", "{E9CABA10-E971-4AC2-84A9-9A5D2A06CEC5}"
EndProject
Global
	GlobalSection(SolutionConfigurationPlatforms) = preSolution
		Debug|Any CPU = Debug|Any CPU
		Release|Any CPU = Release|Any CPU
	EndGlobalSection
	GlobalSection(ProjectConfigurationPlatforms) = postSolution
		{F284EF08-4CD8-48FF-9D31-8F6F616157CC}.Debug|Any CPU.ActiveCfg = Debug|Any CPU
		{F284EF08-4CD8-48FF-9D31-8F6F616157CC}.Debug|Any CPU.Build.0 = Debug|Any CPU
		{F284EF08-4CD8-48FF-9D31-8F6F616157CC}.Release|Any CPU.ActiveCfg = Release|Any CPU
		{F284EF08-4CD8-48FF-9D31-8F6F616157CC}.Release|Any CPU.Build.0 = Release|Any CPU
		{6F23DE75-7CF1-4497-A4D8-B9E64F07494A}.Debug|Any CPU.ActiveCfg = Debug|Any CPU
		{6F23DE75-7CF1-4497-A4D8-B9E64F07494A}.Debug|Any CPU.Build.0 = Debug|Any CPU
		{6F23DE75-7CF1-4497-A4D8-B9E64F07494A}.Release|Any CPU.ActiveCfg = Release|Any CPU
		{6F23DE75-7CF1-4497-A4D8-B9E64F07494A}.Release|Any CPU.Build.0 = Release|Any CPU
		{E9CABA10-E971-4AC2-84A9-9A5D2A06CEC5}.Debug|Any CPU.ActiveCfg = Debug|Any CPU
		{E9CABA10-E971-4AC2-84A9-9A5D2A06CEC5}.Debug|Any CPU.Build.0 = Debug|Any CPU
		{E9CABA10-E971-4AC2-84A9-9A5D2A06CEC5}.Release|Any CPU.ActiveCfg = Release|Any CPU
		{E9CABA10-E971-4AC2-84A9-9A5D2A06CEC5}.Release|Any CPU.Build.0 = Release|Any CPU
	EndGlobalSection
	GlobalSection(SolutionProperties) = preSolution
		HideSolutionNode = FALSE
	EndGlobalSection
	GlobalSection(ExtensibilityGlobals) = postSolution
		SolutionGuid = {B09F6C2C-0FEF-4964-B1B3-682BEDCA4B5E}
	EndGlobalSection
EndGlobal
