
Microsoft Visual Studio Solution File, Format Version 12.00
# Visual Studio Version 16
VisualStudioVersion = 16.0.31424.327
MinimumVisualStudioVersion = 10.0.40219.1
Project("{FAE04EC0-301F-11D3-BF4B-00C04F79EFBC}") = "NationalCourt", "NationalCourt\NationalCourt.csproj", "{D1E91F23-6B24-44A6-AF5C-1A32A7A145CE}"
EndProject
Project("{FAE04EC0-301F-11D3-BF4B-00C04F79EFBC}") = "ShoppingList", "ShoppingList\ShoppingList.csproj", "{B60EFC2A-D36E-4F06-ADA7-AD3D7B5E0803}"
EndProject
Project("{FAE04EC0-301F-11D3-BF4B-00C04F79EFBC}") = "HeartDelivery", "HeartDelivery\HeartDelivery.csproj", "{C54FF06E-8FF6-4835-9045-FCFA86671DC0}"
EndProject
Global
	GlobalSection(SolutionConfigurationPlatforms) = preSolution
		Debug|Any CPU = Debug|Any CPU
		Release|Any CPU = Release|Any CPU
	EndGlobalSection
	GlobalSection(ProjectConfigurationPlatforms) = postSolution
		{D1E91F23-6B24-44A6-AF5C-1A32A7A145CE}.Debug|Any CPU.ActiveCfg = Debug|Any CPU
		{D1E91F23-6B24-44A6-AF5C-1A32A7A145CE}.Debug|Any CPU.Build.0 = Debug|Any CPU
		{D1E91F23-6B24-44A6-AF5C-1A32A7A145CE}.Release|Any CPU.ActiveCfg = Release|Any CPU
		{D1E91F23-6B24-44A6-AF5C-1A32A7A145CE}.Release|Any CPU.Build.0 = Release|Any CPU
		{B60EFC2A-D36E-4F06-ADA7-AD3D7B5E0803}.Debug|Any CPU.ActiveCfg = Debug|Any CPU
		{B60EFC2A-D36E-4F06-ADA7-AD3D7B5E0803}.Debug|Any CPU.Build.0 = Debug|Any CPU
		{B60EFC2A-D36E-4F06-ADA7-AD3D7B5E0803}.Release|Any CPU.ActiveCfg = Release|Any CPU
		{B60EFC2A-D36E-4F06-ADA7-AD3D7B5E0803}.Release|Any CPU.Build.0 = Release|Any CPU
		{C54FF06E-8FF6-4835-9045-FCFA86671DC0}.Debug|Any CPU.ActiveCfg = Debug|Any CPU
		{C54FF06E-8FF6-4835-9045-FCFA86671DC0}.Debug|Any CPU.Build.0 = Debug|Any CPU
		{C54FF06E-8FF6-4835-9045-FCFA86671DC0}.Release|Any CPU.ActiveCfg = Release|Any CPU
		{C54FF06E-8FF6-4835-9045-FCFA86671DC0}.Release|Any CPU.Build.0 = Release|Any CPU
	EndGlobalSection
	GlobalSection(SolutionProperties) = preSolution
		HideSolutionNode = FALSE
	EndGlobalSection
	GlobalSection(ExtensibilityGlobals) = postSolution
		SolutionGuid = {0261D3DA-35BB-48C8-939F-B58EE8191412}
	EndGlobalSection
EndGlobal
