
Microsoft Visual Studio Solution File, Format Version 12.00
# Visual Studio Version 16
VisualStudioVersion = 16.0.31424.327
MinimumVisualStudioVersion = 10.0.40219.1
Project("{FAE04EC0-301F-11D3-BF4B-00C04F79EFBC}") = "WorldTour", "WorldTour\WorldTour.csproj", "{6930CF93-C006-4A06-9139-721FF6F05882}"
EndProject
Project("{FAE04EC0-301F-11D3-BF4B-00C04F79EFBC}") = "DestinationMapper", "DestinationMapper\DestinationMapper.csproj", "{8D09A3D0-C603-45A1-8716-062C9F2B9E6F}"
EndProject
Project("{FAE04EC0-301F-11D3-BF4B-00C04F79EFBC}") = "PlantDiscovery", "PlantDiscovery\PlantDiscovery.csproj", "{F25778D8-FFFB-40EB-A103-154F16464864}"
EndProject
Global
	GlobalSection(SolutionConfigurationPlatforms) = preSolution
		Debug|Any CPU = Debug|Any CPU
		Release|Any CPU = Release|Any CPU
	EndGlobalSection
	GlobalSection(ProjectConfigurationPlatforms) = postSolution
		{6930CF93-C006-4A06-9139-721FF6F05882}.Debug|Any CPU.ActiveCfg = Debug|Any CPU
		{6930CF93-C006-4A06-9139-721FF6F05882}.Debug|Any CPU.Build.0 = Debug|Any CPU
		{6930CF93-C006-4A06-9139-721FF6F05882}.Release|Any CPU.ActiveCfg = Release|Any CPU
		{6930CF93-C006-4A06-9139-721FF6F05882}.Release|Any CPU.Build.0 = Release|Any CPU
		{8D09A3D0-C603-45A1-8716-062C9F2B9E6F}.Debug|Any CPU.ActiveCfg = Debug|Any CPU
		{8D09A3D0-C603-45A1-8716-062C9F2B9E6F}.Debug|Any CPU.Build.0 = Debug|Any CPU
		{8D09A3D0-C603-45A1-8716-062C9F2B9E6F}.Release|Any CPU.ActiveCfg = Release|Any CPU
		{8D09A3D0-C603-45A1-8716-062C9F2B9E6F}.Release|Any CPU.Build.0 = Release|Any CPU
		{F25778D8-FFFB-40EB-A103-154F16464864}.Debug|Any CPU.ActiveCfg = Debug|Any CPU
		{F25778D8-FFFB-40EB-A103-154F16464864}.Debug|Any CPU.Build.0 = Debug|Any CPU
		{F25778D8-FFFB-40EB-A103-154F16464864}.Release|Any CPU.ActiveCfg = Release|Any CPU
		{F25778D8-FFFB-40EB-A103-154F16464864}.Release|Any CPU.Build.0 = Release|Any CPU
	EndGlobalSection
	GlobalSection(SolutionProperties) = preSolution
		HideSolutionNode = FALSE
	EndGlobalSection
	GlobalSection(ExtensibilityGlobals) = postSolution
		SolutionGuid = {C32EB054-8D42-44B6-B08D-74F3237C5C9C}
	EndGlobalSection
EndGlobal
