
Microsoft Visual Studio Solution File, Format Version 12.00
# Visual Studio Version 16
VisualStudioVersion = 16.0.31424.327
MinimumVisualStudioVersion = 10.0.40219.1
Project("{FAE04EC0-301F-11D3-BF4B-00C04F79EFBC}") = "ExtractPersonInformation", "ExtractPersonInformation\ExtractPersonInformation.csproj", "{AE6FADD0-344F-4264-AE49-DE60A4227AF8}"
EndProject
Project("{FAE04EC0-301F-11D3-BF4B-00C04F79EFBC}") = "ASCIISumator", "ASCIISumator\ASCIISumator.csproj", "{397AF990-BDC1-4F40-A2D8-3BD313F43C55}"
EndProject
Project("{FAE04EC0-301F-11D3-BF4B-00C04F79EFBC}") = "TreasureFinder", "TreasureFinder\TreasureFinder.csproj", "{1CEAB2A3-D067-4EED-8D06-2D78A9CF5ACF}"
EndProject
Project("{FAE04EC0-301F-11D3-BF4B-00C04F79EFBC}") = "MorseCodeTranslator", "MorseCodeTranslator\MorseCodeTranslator.csproj", "{3E76A49C-6DFF-4ED6-8866-2A9E75F78F27}"
EndProject
Project("{FAE04EC0-301F-11D3-BF4B-00C04F79EFBC}") = "HTML", "HTML\HTML.csproj", "{52F2EEFD-89E8-4549-BE92-40981BCAFBA5}"
EndProject
Global
	GlobalSection(SolutionConfigurationPlatforms) = preSolution
		Debug|Any CPU = Debug|Any CPU
		Release|Any CPU = Release|Any CPU
	EndGlobalSection
	GlobalSection(ProjectConfigurationPlatforms) = postSolution
		{AE6FADD0-344F-4264-AE49-DE60A4227AF8}.Debug|Any CPU.ActiveCfg = Debug|Any CPU
		{AE6FADD0-344F-4264-AE49-DE60A4227AF8}.Debug|Any CPU.Build.0 = Debug|Any CPU
		{AE6FADD0-344F-4264-AE49-DE60A4227AF8}.Release|Any CPU.ActiveCfg = Release|Any CPU
		{AE6FADD0-344F-4264-AE49-DE60A4227AF8}.Release|Any CPU.Build.0 = Release|Any CPU
		{397AF990-BDC1-4F40-A2D8-3BD313F43C55}.Debug|Any CPU.ActiveCfg = Debug|Any CPU
		{397AF990-BDC1-4F40-A2D8-3BD313F43C55}.Debug|Any CPU.Build.0 = Debug|Any CPU
		{397AF990-BDC1-4F40-A2D8-3BD313F43C55}.Release|Any CPU.ActiveCfg = Release|Any CPU
		{397AF990-BDC1-4F40-A2D8-3BD313F43C55}.Release|Any CPU.Build.0 = Release|Any CPU
		{1CEAB2A3-D067-4EED-8D06-2D78A9CF5ACF}.Debug|Any CPU.ActiveCfg = Debug|Any CPU
		{1CEAB2A3-D067-4EED-8D06-2D78A9CF5ACF}.Debug|Any CPU.Build.0 = Debug|Any CPU
		{1CEAB2A3-D067-4EED-8D06-2D78A9CF5ACF}.Release|Any CPU.ActiveCfg = Release|Any CPU
		{1CEAB2A3-D067-4EED-8D06-2D78A9CF5ACF}.Release|Any CPU.Build.0 = Release|Any CPU
		{3E76A49C-6DFF-4ED6-8866-2A9E75F78F27}.Debug|Any CPU.ActiveCfg = Debug|Any CPU
		{3E76A49C-6DFF-4ED6-8866-2A9E75F78F27}.Debug|Any CPU.Build.0 = Debug|Any CPU
		{3E76A49C-6DFF-4ED6-8866-2A9E75F78F27}.Release|Any CPU.ActiveCfg = Release|Any CPU
		{3E76A49C-6DFF-4ED6-8866-2A9E75F78F27}.Release|Any CPU.Build.0 = Release|Any CPU
		{52F2EEFD-89E8-4549-BE92-40981BCAFBA5}.Debug|Any CPU.ActiveCfg = Debug|Any CPU
		{52F2EEFD-89E8-4549-BE92-40981BCAFBA5}.Debug|Any CPU.Build.0 = Debug|Any CPU
		{52F2EEFD-89E8-4549-BE92-40981BCAFBA5}.Release|Any CPU.ActiveCfg = Release|Any CPU
		{52F2EEFD-89E8-4549-BE92-40981BCAFBA5}.Release|Any CPU.Build.0 = Release|Any CPU
	EndGlobalSection
	GlobalSection(SolutionProperties) = preSolution
		HideSolutionNode = FALSE
	EndGlobalSection
	GlobalSection(ExtensibilityGlobals) = postSolution
		SolutionGuid = {42F0B5DA-97C0-4859-BD22-52E98DA44EE9}
	EndGlobalSection
EndGlobal
