
Microsoft Visual Studio Solution File, Format Version 12.00
# Visual Studio Version 16
VisualStudioVersion = 16.0.31424.327
MinimumVisualStudioVersion = 10.0.40219.1
Project("{FAE04EC0-301F-11D3-BF4B-00C04F79EFBC}") = "Ranking", "Ranking\Ranking.csproj", "{D4E7E8BD-2261-41C7-82D8-22D8372FBDC7}"
EndProject
Project("{FAE04EC0-301F-11D3-BF4B-00C04F79EFBC}") = "Judge", "Judge\Judge.csproj", "{620A2ABC-5E9D-468A-BBA1-EEB34E3E503D}"
EndProject
Project("{FAE04EC0-301F-11D3-BF4B-00C04F79EFBC}") = "MOBAChallenger", "MOBAChallenger\MOBAChallenger.csproj", "{0DDD2291-D26F-4CE2-A2A0-86BD54291804}"
EndProject
Project("{FAE04EC0-301F-11D3-BF4B-00C04F79EFBC}") = "Snowwhite", "Snowwhite\Snowwhite.csproj", "{4A366800-E676-447E-A7B9-6868AC0945BD}"
EndProject
Project("{FAE04EC0-301F-11D3-BF4B-00C04F79EFBC}") = "DragonArmy", "DragonArmy\DragonArmy.csproj", "{77D53177-84D6-4E8E-A502-A17F63C193CB}"
EndProject
Global
	GlobalSection(SolutionConfigurationPlatforms) = preSolution
		Debug|Any CPU = Debug|Any CPU
		Release|Any CPU = Release|Any CPU
	EndGlobalSection
	GlobalSection(ProjectConfigurationPlatforms) = postSolution
		{D4E7E8BD-2261-41C7-82D8-22D8372FBDC7}.Debug|Any CPU.ActiveCfg = Debug|Any CPU
		{D4E7E8BD-2261-41C7-82D8-22D8372FBDC7}.Debug|Any CPU.Build.0 = Debug|Any CPU
		{D4E7E8BD-2261-41C7-82D8-22D8372FBDC7}.Release|Any CPU.ActiveCfg = Release|Any CPU
		{D4E7E8BD-2261-41C7-82D8-22D8372FBDC7}.Release|Any CPU.Build.0 = Release|Any CPU
		{620A2ABC-5E9D-468A-BBA1-EEB34E3E503D}.Debug|Any CPU.ActiveCfg = Debug|Any CPU
		{620A2ABC-5E9D-468A-BBA1-EEB34E3E503D}.Debug|Any CPU.Build.0 = Debug|Any CPU
		{620A2ABC-5E9D-468A-BBA1-EEB34E3E503D}.Release|Any CPU.ActiveCfg = Release|Any CPU
		{620A2ABC-5E9D-468A-BBA1-EEB34E3E503D}.Release|Any CPU.Build.0 = Release|Any CPU
		{0DDD2291-D26F-4CE2-A2A0-86BD54291804}.Debug|Any CPU.ActiveCfg = Debug|Any CPU
		{0DDD2291-D26F-4CE2-A2A0-86BD54291804}.Debug|Any CPU.Build.0 = Debug|Any CPU
		{0DDD2291-D26F-4CE2-A2A0-86BD54291804}.Release|Any CPU.ActiveCfg = Release|Any CPU
		{0DDD2291-D26F-4CE2-A2A0-86BD54291804}.Release|Any CPU.Build.0 = Release|Any CPU
		{4A366800-E676-447E-A7B9-6868AC0945BD}.Debug|Any CPU.ActiveCfg = Debug|Any CPU
		{4A366800-E676-447E-A7B9-6868AC0945BD}.Debug|Any CPU.Build.0 = Debug|Any CPU
		{4A366800-E676-447E-A7B9-6868AC0945BD}.Release|Any CPU.ActiveCfg = Release|Any CPU
		{4A366800-E676-447E-A7B9-6868AC0945BD}.Release|Any CPU.Build.0 = Release|Any CPU
		{77D53177-84D6-4E8E-A502-A17F63C193CB}.Debug|Any CPU.ActiveCfg = Debug|Any CPU
		{77D53177-84D6-4E8E-A502-A17F63C193CB}.Debug|Any CPU.Build.0 = Debug|Any CPU
		{77D53177-84D6-4E8E-A502-A17F63C193CB}.Release|Any CPU.ActiveCfg = Release|Any CPU
		{77D53177-84D6-4E8E-A502-A17F63C193CB}.Release|Any CPU.Build.0 = Release|Any CPU
	EndGlobalSection
	GlobalSection(SolutionProperties) = preSolution
		HideSolutionNode = FALSE
	EndGlobalSection
	GlobalSection(ExtensibilityGlobals) = postSolution
		SolutionGuid = {3AB8D5F9-84A5-49C1-BEE4-2C6AF9626B3D}
	EndGlobalSection
EndGlobal
