
Microsoft Visual Studio Solution File, Format Version 12.00
# Visual Studio Version 16
VisualStudioVersion = 16.0.31424.327
MinimumVisualStudioVersion = 10.0.40219.1
Project("{FAE04EC0-301F-11D3-BF4B-00C04F79EFBC}") = "SortNumbers", "SortNumbers\SortNumbers.csproj", "{53B8A213-E09C-4909-9215-36D89E0F7DB0}"
EndProject
Project("{FAE04EC0-301F-11D3-BF4B-00C04F79EFBC}") = "EnglishNameOfTheLastDigit", "EnglishNameOfTheLastDigit\EnglishNameOfTheLastDigit.csproj", "{6EDE462F-1001-44AB-A5AF-C8F9C22A65EB}"
EndProject
Project("{FAE04EC0-301F-11D3-BF4B-00C04F79EFBC}") = "GamingStore", "GamingStore\GamingStore.csproj", "{8232B544-0A8A-4773-A7D8-1A1CD02BBC58}"
EndProject
Project("{FAE04EC0-301F-11D3-BF4B-00C04F79EFBC}") = "ReverseString", "ReverseString\ReverseString.csproj", "{F7535FFD-147C-45A4-AA64-6AEE03438332}"
EndProject
Project("{FAE04EC0-301F-11D3-BF4B-00C04F79EFBC}") = "Messages", "Messages\Messages.csproj", "{F349A6FF-405F-4B59-9C84-BC4E141A7E63}"
EndProject
Global
	GlobalSection(SolutionConfigurationPlatforms) = preSolution
		Debug|Any CPU = Debug|Any CPU
		Release|Any CPU = Release|Any CPU
	EndGlobalSection
	GlobalSection(ProjectConfigurationPlatforms) = postSolution
		{53B8A213-E09C-4909-9215-36D89E0F7DB0}.Debug|Any CPU.ActiveCfg = Debug|Any CPU
		{53B8A213-E09C-4909-9215-36D89E0F7DB0}.Debug|Any CPU.Build.0 = Debug|Any CPU
		{53B8A213-E09C-4909-9215-36D89E0F7DB0}.Release|Any CPU.ActiveCfg = Release|Any CPU
		{53B8A213-E09C-4909-9215-36D89E0F7DB0}.Release|Any CPU.Build.0 = Release|Any CPU
		{6EDE462F-1001-44AB-A5AF-C8F9C22A65EB}.Debug|Any CPU.ActiveCfg = Debug|Any CPU
		{6EDE462F-1001-44AB-A5AF-C8F9C22A65EB}.Debug|Any CPU.Build.0 = Debug|Any CPU
		{6EDE462F-1001-44AB-A5AF-C8F9C22A65EB}.Release|Any CPU.ActiveCfg = Release|Any CPU
		{6EDE462F-1001-44AB-A5AF-C8F9C22A65EB}.Release|Any CPU.Build.0 = Release|Any CPU
		{8232B544-0A8A-4773-A7D8-1A1CD02BBC58}.Debug|Any CPU.ActiveCfg = Debug|Any CPU
		{8232B544-0A8A-4773-A7D8-1A1CD02BBC58}.Debug|Any CPU.Build.0 = Debug|Any CPU
		{8232B544-0A8A-4773-A7D8-1A1CD02BBC58}.Release|Any CPU.ActiveCfg = Release|Any CPU
		{8232B544-0A8A-4773-A7D8-1A1CD02BBC58}.Release|Any CPU.Build.0 = Release|Any CPU
		{F7535FFD-147C-45A4-AA64-6AEE03438332}.Debug|Any CPU.ActiveCfg = Debug|Any CPU
		{F7535FFD-147C-45A4-AA64-6AEE03438332}.Debug|Any CPU.Build.0 = Debug|Any CPU
		{F7535FFD-147C-45A4-AA64-6AEE03438332}.Release|Any CPU.ActiveCfg = Release|Any CPU
		{F7535FFD-147C-45A4-AA64-6AEE03438332}.Release|Any CPU.Build.0 = Release|Any CPU
		{F349A6FF-405F-4B59-9C84-BC4E141A7E63}.Debug|Any CPU.ActiveCfg = Debug|Any CPU
		{F349A6FF-405F-4B59-9C84-BC4E141A7E63}.Debug|Any CPU.Build.0 = Debug|Any CPU
		{F349A6FF-405F-4B59-9C84-BC4E141A7E63}.Release|Any CPU.ActiveCfg = Release|Any CPU
		{F349A6FF-405F-4B59-9C84-BC4E141A7E63}.Release|Any CPU.Build.0 = Release|Any CPU
	EndGlobalSection
	GlobalSection(SolutionProperties) = preSolution
		HideSolutionNode = FALSE
	EndGlobalSection
	GlobalSection(ExtensibilityGlobals) = postSolution
		SolutionGuid = {2F900B0A-72F1-4865-9829-77299A24D04A}
	EndGlobalSection
EndGlobal
