
Microsoft Visual Studio Solution File, Format Version 12.00
# Visual Studio Version 16
VisualStudioVersion = 16.0.31424.327
MinimumVisualStudioVersion = 10.0.40219.1
Project("{FAE04EC0-301F-11D3-BF4B-00C04F79EFBC}") = "BlackFlag", "BlackFlag\BlackFlag.csproj", "{875493EB-938A-490D-A5D2-A8D8C90E1225}"
EndProject
Project("{FAE04EC0-301F-11D3-BF4B-00C04F79EFBC}") = "TreasureHunt", "TreasureHunt\TreasureHunt.csproj", "{6F0450A2-F833-4A9A-8BFC-9858E7AC8C94}"
EndProject
Project("{FAE04EC0-301F-11D3-BF4B-00C04F79EFBC}") = "ManOWar", "ManOWar\ManOWar.csproj", "{09E353DE-8B99-4EA3-800D-6AB6D46326EB}"
EndProject
Global
	GlobalSection(SolutionConfigurationPlatforms) = preSolution
		Debug|Any CPU = Debug|Any CPU
		Release|Any CPU = Release|Any CPU
	EndGlobalSection
	GlobalSection(ProjectConfigurationPlatforms) = postSolution
		{875493EB-938A-490D-A5D2-A8D8C90E1225}.Debug|Any CPU.ActiveCfg = Debug|Any CPU
		{875493EB-938A-490D-A5D2-A8D8C90E1225}.Debug|Any CPU.Build.0 = Debug|Any CPU
		{875493EB-938A-490D-A5D2-A8D8C90E1225}.Release|Any CPU.ActiveCfg = Release|Any CPU
		{875493EB-938A-490D-A5D2-A8D8C90E1225}.Release|Any CPU.Build.0 = Release|Any CPU
		{6F0450A2-F833-4A9A-8BFC-9858E7AC8C94}.Debug|Any CPU.ActiveCfg = Debug|Any CPU
		{6F0450A2-F833-4A9A-8BFC-9858E7AC8C94}.Debug|Any CPU.Build.0 = Debug|Any CPU
		{6F0450A2-F833-4A9A-8BFC-9858E7AC8C94}.Release|Any CPU.ActiveCfg = Release|Any CPU
		{6F0450A2-F833-4A9A-8BFC-9858E7AC8C94}.Release|Any CPU.Build.0 = Release|Any CPU
		{09E353DE-8B99-4EA3-800D-6AB6D46326EB}.Debug|Any CPU.ActiveCfg = Debug|Any CPU
		{09E353DE-8B99-4EA3-800D-6AB6D46326EB}.Debug|Any CPU.Build.0 = Debug|Any CPU
		{09E353DE-8B99-4EA3-800D-6AB6D46326EB}.Release|Any CPU.ActiveCfg = Release|Any CPU
		{09E353DE-8B99-4EA3-800D-6AB6D46326EB}.Release|Any CPU.Build.0 = Release|Any CPU
	EndGlobalSection
	GlobalSection(SolutionProperties) = preSolution
		HideSolutionNode = FALSE
	EndGlobalSection
	GlobalSection(ExtensibilityGlobals) = postSolution
		SolutionGuid = {2C54CA5E-AF99-4B1D-BCE1-C52726685919}
	EndGlobalSection
EndGlobal
